
Microsoft Visual Studio Solution File, Format Version 12.00
# Visual Studio Version 17
VisualStudioVersion = 17.0.31903.59
MinimumVisualStudioVersion = 10.0.40219.1
Project("{FAE04EC0-301F-11D3-BF4B-00C04F79EFBC}") = "Instella.Sdk", "src\Instella.Sdk\Instella.Sdk.csproj", "{A1B2C3D4-E5F6-7890-ABCD-EF1234567890}"
EndProject
Project("{FAE04EC0-301F-11D3-BF4B-00C04F79EFBC}") = "Instella.Sdk.Tests", "tests\Instella.Sdk.Tests\Instella.Sdk.Tests.csproj", "{B2C3D4E5-F6A7-8901-BCDE-F12345678901}"
EndProject
Project("{2150E333-8FDC-42A3-9474-1A3956D46DE8}") = "src", "src", "{827E0CD3-B72D-47B6-A68D-7590B98EB39B}"
EndProject
Project("{FAE04EC0-301F-11D3-BF4B-00C04F79EFBC}") = "Instella.Server", "src\Instella.Server\Instella.Server.csproj", "{85B6D545-0AD4-4DF7-A736-0D94CD860ADE}"
EndProject
Project("{FAE04EC0-301F-11D3-BF4B-00C04F79EFBC}") = "Instella.CLI", "src\Instella.CLI\Instella.CLI.csproj", "{98EE4E5B-BDD8-47F2-A869-9AC095CE62DA}"
EndProject
Project("{2150E333-8FDC-42A3-9474-1A3956D46DE8}") = "tests", "tests", "{0AB3BF05-4346-4AA6-1389-037BE0695223}"
EndProject
Project("{FAE04EC0-301F-11D3-BF4B-00C04F79EFBC}") = "Instella.Core", "src\Instella.Core\Instella.Core.csproj", "{A4C4B299-9239-4D25-AC01-D2AD8F55305E}"
EndProject
Project("{FAE04EC0-301F-11D3-BF4B-00C04F79EFBC}") = "Instella.Installer.Runtime", "src\Instella.Installer.Runtime\Instella.Installer.Runtime.csproj", "{51E51D66-CA86-4129-95B7-8C7ABBEC5B2D}"
EndProject
Project("{FAE04EC0-301F-11D3-BF4B-00C04F79EFBC}") = "Instella.Installer.Build", "src\Instella.Installer.Build\Instella.Installer.Build.csproj", "{6D3E2A90-7C41-4F88-9B5E-1A2B3C4D5E6F}"
EndProject
Project("{FAE04EC0-301F-11D3-BF4B-00C04F79EFBC}") = "Instella.Installer.Build.Tests", "tests\Instella.Installer.Build.Tests\Instella.Installer.Build.Tests.csproj", "{7E8F9A1B-2C3D-4E5F-6A7B-8C9D0E1F2A3B}"
EndProject
Project("{FAE04EC0-301F-11D3-BF4B-00C04F79EFBC}") = "Instella.Installer.Testing", "src\Instella.Installer.Testing\Instella.Installer.Testing.csproj", "{8D08B797-7DAE-457A-A5C9-4E9D69A50696}"
EndProject
Project("{FAE04EC0-301F-11D3-BF4B-00C04F79EFBC}") = "Instella.CLI.Tests", "tests\Instella.CLI.Tests\Instella.CLI.Tests.csproj", "{544F4FF6-183C-42EC-B4D7-41F467C32FE3}"
EndProject
Project("{FAE04EC0-301F-11D3-BF4B-00C04F79EFBC}") = "Instella.Server.Tests", "tests\Instella.Server.Tests\Instella.Server.Tests.csproj", "{31B43390-42AB-496D-AD50-AEAA801470C9}"
EndProject
Project("{FAE04EC0-301F-11D3-BF4B-00C04F79EFBC}") = "Instella.Installer.Runtime.Tests", "tests\Instella.Installer.Runtime.Tests\Instella.Installer.Runtime.Tests.csproj", "{0537DADF-0B22-47E2-A439-F1C426D6225A}"
EndProject
Project("{FAE04EC0-301F-11D3-BF4B-00C04F79EFBC}") = "Instella.Core.Tests", "tests\Instella.Core.Tests\Instella.Core.Tests.csproj", "{6B5E4DF9-0522-48AB-B59C-25103B943271}"
EndProject
Project("{FAE04EC0-301F-11D3-BF4B-00C04F79EFBC}") = "Instella.Installer.Testing.Tests", "tests\Instella.Installer.Testing.Tests\Instella.Installer.Testing.Tests.csproj", "{3F44DD9C-2CB8-42C4-82FB-83B087AC9FDA}"
EndProject
Project("{FAE04EC0-301F-11D3-BF4B-00C04F79EFBC}") = "Instella.Contract.Tests", "tests\Instella.Contract.Tests\Instella.Contract.Tests.csproj", "{DB72ABD0-C01E-49C1-9DEC-8660B9BBD103}"
EndProject
Project("{FAE04EC0-301F-11D3-BF4B-00C04F79EFBC}") = "Instella.E2E.Tests", "tests\Instella.E2E.Tests\Instella.E2E.Tests.csproj", "{C6BED27A-74AB-4684-8478-58CA42E2CE37}"
EndProject
Global
	GlobalSection(SolutionConfigurationPlatforms) = preSolution
		Debug|Any CPU = Debug|Any CPU
		Debug|x64 = Debug|x64
		Debug|x86 = Debug|x86
		Release|Any CPU = Release|Any CPU
		Release|x64 = Release|x64
		Release|x86 = Release|x86
	EndGlobalSection
	GlobalSection(ProjectConfigurationPlatforms) = postSolution
		{A1B2C3D4-E5F6-7890-ABCD-EF1234567890}.Debug|Any CPU.ActiveCfg = Debug|Any CPU
		{A1B2C3D4-E5F6-7890-ABCD-EF1234567890}.Debug|Any CPU.Build.0 = Debug|Any CPU
		{A1B2C3D4-E5F6-7890-ABCD-EF1234567890}.Debug|x64.ActiveCfg = Debug|Any CPU
		{A1B2C3D4-E5F6-7890-ABCD-EF1234567890}.Debug|x64.Build.0 = Debug|Any CPU
		{A1B2C3D4-E5F6-7890-ABCD-EF1234567890}.Debug|x86.ActiveCfg = Debug|Any CPU
		{A1B2C3D4-E5F6-7890-ABCD-EF1234567890}.Debug|x86.Build.0 = Debug|Any CPU
		{A1B2C3D4-E5F6-7890-ABCD-EF1234567890}.Release|Any CPU.ActiveCfg = Release|Any CPU
		{A1B2C3D4-E5F6-7890-ABCD-EF1234567890}.Release|Any CPU.Build.0 = Release|Any CPU
		{A1B2C3D4-E5F6-7890-ABCD-EF1234567890}.Release|x64.ActiveCfg = Release|Any CPU
		{A1B2C3D4-E5F6-7890-ABCD-EF1234567890}.Release|x64.Build.0 = Release|Any CPU
		{A1B2C3D4-E5F6-7890-ABCD-EF1234567890}.Release|x86.ActiveCfg = Release|Any CPU
		{A1B2C3D4-E5F6-7890-ABCD-EF1234567890}.Release|x86.Build.0 = Release|Any CPU
		{B2C3D4E5-F6A7-8901-BCDE-F12345678901}.Debug|Any CPU.ActiveCfg = Debug|Any CPU
		{B2C3D4E5-F6A7-8901-BCDE-F12345678901}.Debug|Any CPU.Build.0 = Debug|Any CPU
		{B2C3D4E5-F6A7-8901-BCDE-F12345678901}.Debug|x64.ActiveCfg = Debug|Any CPU
		{B2C3D4E5-F6A7-8901-BCDE-F12345678901}.Debug|x64.Build.0 = Debug|Any CPU
		{B2C3D4E5-F6A7-8901-BCDE-F12345678901}.Debug|x86.ActiveCfg = Debug|Any CPU
		{B2C3D4E5-F6A7-8901-BCDE-F12345678901}.Debug|x86.Build.0 = Debug|Any CPU
		{B2C3D4E5-F6A7-8901-BCDE-F12345678901}.Release|Any CPU.ActiveCfg = Release|Any CPU
		{B2C3D4E5-F6A7-8901-BCDE-F12345678901}.Release|Any CPU.Build.0 = Release|Any CPU
		{B2C3D4E5-F6A7-8901-BCDE-F12345678901}.Release|x64.ActiveCfg = Release|Any CPU
		{B2C3D4E5-F6A7-8901-BCDE-F12345678901}.Release|x64.Build.0 = Release|Any CPU
		{B2C3D4E5-F6A7-8901-BCDE-F12345678901}.Release|x86.ActiveCfg = Release|Any CPU
		{B2C3D4E5-F6A7-8901-BCDE-F12345678901}.Release|x86.Build.0 = Release|Any CPU
		{85B6D545-0AD4-4DF7-A736-0D94CD860ADE}.Debug|Any CPU.ActiveCfg = Debug|Any CPU
		{85B6D545-0AD4-4DF7-A736-0D94CD860ADE}.Debug|Any CPU.Build.0 = Debug|Any CPU
		{85B6D545-0AD4-4DF7-A736-0D94CD860ADE}.Debug|x64.ActiveCfg = Debug|Any CPU
		{85B6D545-0AD4-4DF7-A736-0D94CD860ADE}.Debug|x64.Build.0 = Debug|Any CPU
		{85B6D545-0AD4-4DF7-A736-0D94CD860ADE}.Debug|x86.ActiveCfg = Debug|Any CPU
		{85B6D545-0AD4-4DF7-A736-0D94CD860ADE}.Debug|x86.Build.0 = Debug|Any CPU
		{85B6D545-0AD4-4DF7-A736-0D94CD860ADE}.Release|Any CPU.ActiveCfg = Release|Any CPU
		{85B6D545-0AD4-4DF7-A736-0D94CD860ADE}.Release|Any CPU.Build.0 = Release|Any CPU
		{85B6D545-0AD4-4DF7-A736-0D94CD860ADE}.Release|x64.ActiveCfg = Release|Any CPU
		{85B6D545-0AD4-4DF7-A736-0D94CD860ADE}.Release|x64.Build.0 = Release|Any CPU
		{85B6D545-0AD4-4DF7-A736-0D94CD860ADE}.Release|x86.ActiveCfg = Release|Any CPU
		{85B6D545-0AD4-4DF7-A736-0D94CD860ADE}.Release|x86.Build.0 = Release|Any CPU
		{98EE4E5B-BDD8-47F2-A869-9AC095CE62DA}.Debug|Any CPU.ActiveCfg = Debug|Any CPU
		{98EE4E5B-BDD8-47F2-A869-9AC095CE62DA}.Debug|Any CPU.Build.0 = Debug|Any CPU
		{98EE4E5B-BDD8-47F2-A869-9AC095CE62DA}.Debug|x64.ActiveCfg = Debug|Any CPU
		{98EE4E5B-BDD8-47F2-A869-9AC095CE62DA}.Debug|x64.Build.0 = Debug|Any CPU
		{98EE4E5B-BDD8-47F2-A869-9AC095CE62DA}.Debug|x86.ActiveCfg = Debug|Any CPU
		{98EE4E5B-BDD8-47F2-A869-9AC095CE62DA}.Debug|x86.Build.0 = Debug|Any CPU
		{98EE4E5B-BDD8-47F2-A869-9AC095CE62DA}.Release|Any CPU.ActiveCfg = Release|Any CPU
		{98EE4E5B-BDD8-47F2-A869-9AC095CE62DA}.Release|Any CPU.Build.0 = Release|Any CPU
		{98EE4E5B-BDD8-47F2-A869-9AC095CE62DA}.Release|x64.ActiveCfg = Release|Any CPU
		{98EE4E5B-BDD8-47F2-A869-9AC095CE62DA}.Release|x64.Build.0 = Release|Any CPU
		{98EE4E5B-BDD8-47F2-A869-9AC095CE62DA}.Release|x86.ActiveCfg = Release|Any CPU
		{98EE4E5B-BDD8-47F2-A869-9AC095CE62DA}.Release|x86.Build.0 = Release|Any CPU
		{A4C4B299-9239-4D25-AC01-D2AD8F55305E}.Debug|Any CPU.ActiveCfg = Debug|Any CPU
		{A4C4B299-9239-4D25-AC01-D2AD8F55305E}.Debug|Any CPU.Build.0 = Debug|Any CPU
		{A4C4B299-9239-4D25-AC01-D2AD8F55305E}.Debug|x64.ActiveCfg = Debug|Any CPU
		{A4C4B299-9239-4D25-AC01-D2AD8F55305E}.Debug|x64.Build.0 = Debug|Any CPU
		{A4C4B299-9239-4D25-AC01-D2AD8F55305E}.Debug|x86.ActiveCfg = Debug|Any CPU
		{A4C4B299-9239-4D25-AC01-D2AD8F55305E}.Debug|x86.Build.0 = Debug|Any CPU
		{A4C4B299-9239-4D25-AC01-D2AD8F55305E}.Release|Any CPU.ActiveCfg = Release|Any CPU
		{A4C4B299-9239-4D25-AC01-D2AD8F55305E}.Release|Any CPU.Build.0 = Release|Any CPU
		{A4C4B299-9239-4D25-AC01-D2AD8F55305E}.Release|x64.ActiveCfg = Release|Any CPU
		{A4C4B299-9239-4D25-AC01-D2AD8F55305E}.Release|x64.Build.0 = Release|Any CPU
		{A4C4B299-9239-4D25-AC01-D2AD8F55305E}.Release|x86.ActiveCfg = Release|Any CPU
		{A4C4B299-9239-4D25-AC01-D2AD8F55305E}.Release|x86.Build.0 = Release|Any CPU
		{51E51D66-CA86-4129-95B7-8C7ABBEC5B2D}.Debug|Any CPU.ActiveCfg = Debug|Any CPU
		{51E51D66-CA86-4129-95B7-8C7ABBEC5B2D}.Debug|Any CPU.Build.0 = Debug|Any CPU
		{51E51D66-CA86-4129-95B7-8C7ABBEC5B2D}.Debug|x64.ActiveCfg = Debug|Any CPU
		{51E51D66-CA86-4129-95B7-8C7ABBEC5B2D}.Debug|x64.Build.0 = Debug|Any CPU
		{51E51D66-CA86-4129-95B7-8C7ABBEC5B2D}.Debug|x86.ActiveCfg = Debug|Any CPU
		{51E51D66-CA86-4129-95B7-8C7ABBEC5B2D}.Debug|x86.Build.0 = Debug|Any CPU
		{51E51D66-CA86-4129-95B7-8C7ABBEC5B2D}.Release|Any CPU.ActiveCfg = Release|Any CPU
		{51E51D66-CA86-4129-95B7-8C7ABBEC5B2D}.Release|Any CPU.Build.0 = Release|Any CPU
		{51E51D66-CA86-4129-95B7-8C7ABBEC5B2D}.Release|x64.ActiveCfg = Release|Any CPU
		{51E51D66-CA86-4129-95B7-8C7ABBEC5B2D}.Release|x64.Build.0 = Release|Any CPU
		{51E51D66-CA86-4129-95B7-8C7ABBEC5B2D}.Release|x86.ActiveCfg = Release|Any CPU
		{51E51D66-CA86-4129-95B7-8C7ABBEC5B2D}.Release|x86.Build.0 = Release|Any CPU
		{6D3E2A90-7C41-4F88-9B5E-1A2B3C4D5E6F}.Debug|Any CPU.ActiveCfg = Debug|Any CPU
		{6D3E2A90-7C41-4F88-9B5E-1A2B3C4D5E6F}.Debug|Any CPU.Build.0 = Debug|Any CPU
		{6D3E2A90-7C41-4F88-9B5E-1A2B3C4D5E6F}.Debug|x64.ActiveCfg = Debug|Any CPU
		{6D3E2A90-7C41-4F88-9B5E-1A2B3C4D5E6F}.Debug|x64.Build.0 = Debug|Any CPU
		{6D3E2A90-7C41-4F88-9B5E-1A2B3C4D5E6F}.Debug|x86.ActiveCfg = Debug|Any CPU
		{6D3E2A90-7C41-4F88-9B5E-1A2B3C4D5E6F}.Debug|x86.Build.0 = Debug|Any CPU
		{6D3E2A90-7C41-4F88-9B5E-1A2B3C4D5E6F}.Release|Any CPU.ActiveCfg = Release|Any CPU
		{6D3E2A90-7C41-4F88-9B5E-1A2B3C4D5E6F}.Release|Any CPU.Build.0 = Release|Any CPU
		{6D3E2A90-7C41-4F88-9B5E-1A2B3C4D5E6F}.Release|x64.ActiveCfg = Release|Any CPU
		{6D3E2A90-7C41-4F88-9B5E-1A2B3C4D5E6F}.Release|x64.Build.0 = Release|Any CPU
		{6D3E2A90-7C41-4F88-9B5E-1A2B3C4D5E6F}.Release|x86.ActiveCfg = Release|Any CPU
		{6D3E2A90-7C41-4F88-9B5E-1A2B3C4D5E6F}.Release|x86.Build.0 = Release|Any CPU
		{7E8F9A1B-2C3D-4E5F-6A7B-8C9D0E1F2A3B}.Debug|Any CPU.ActiveCfg = Debug|Any CPU
		{7E8F9A1B-2C3D-4E5F-6A7B-8C9D0E1F2A3B}.Debug|Any CPU.Build.0 = Debug|Any CPU
		{7E8F9A1B-2C3D-4E5F-6A7B-8C9D0E1F2A3B}.Debug|x64.ActiveCfg = Debug|Any CPU
		{7E8F9A1B-2C3D-4E5F-6A7B-8C9D0E1F2A3B}.Debug|x64.Build.0 = Debug|Any CPU
		{7E8F9A1B-2C3D-4E5F-6A7B-8C9D0E1F2A3B}.Debug|x86.ActiveCfg = Debug|Any CPU
		{7E8F9A1B-2C3D-4E5F-6A7B-8C9D0E1F2A3B}.Debug|x86.Build.0 = Debug|Any CPU
		{7E8F9A1B-2C3D-4E5F-6A7B-8C9D0E1F2A3B}.Release|Any CPU.ActiveCfg = Release|Any CPU
		{7E8F9A1B-2C3D-4E5F-6A7B-8C9D0E1F2A3B}.Release|Any CPU.Build.0 = Release|Any CPU
		{7E8F9A1B-2C3D-4E5F-6A7B-8C9D0E1F2A3B}.Release|x64.ActiveCfg = Release|Any CPU
		{7E8F9A1B-2C3D-4E5F-6A7B-8C9D0E1F2A3B}.Release|x64.Build.0 = Release|Any CPU
		{7E8F9A1B-2C3D-4E5F-6A7B-8C9D0E1F2A3B}.Release|x86.ActiveCfg = Release|Any CPU
		{7E8F9A1B-2C3D-4E5F-6A7B-8C9D0E1F2A3B}.Release|x86.Build.0 = Release|Any CPU
		{8D08B797-7DAE-457A-A5C9-4E9D69A50696}.Debug|Any CPU.ActiveCfg = Debug|Any CPU
		{8D08B797-7DAE-457A-A5C9-4E9D69A50696}.Debug|Any CPU.Build.0 = Debug|Any CPU
		{8D08B797-7DAE-457A-A5C9-4E9D69A50696}.Debug|x64.ActiveCfg = Debug|Any CPU
		{8D08B797-7DAE-457A-A5C9-4E9D69A50696}.Debug|x64.Build.0 = Debug|Any CPU
		{8D08B797-7DAE-457A-A5C9-4E9D69A50696}.Debug|x86.ActiveCfg = Debug|Any CPU
		{8D08B797-7DAE-457A-A5C9-4E9D69A50696}.Debug|x86.Build.0 = Debug|Any CPU
		{8D08B797-7DAE-457A-A5C9-4E9D69A50696}.Release|Any CPU.ActiveCfg = Release|Any CPU
		{8D08B797-7DAE-457A-A5C9-4E9D69A50696}.Release|Any CPU.Build.0 = Release|Any CPU
		{8D08B797-7DAE-457A-A5C9-4E9D69A50696}.Release|x64.ActiveCfg = Release|Any CPU
		{8D08B797-7DAE-457A-A5C9-4E9D69A50696}.Release|x64.Build.0 = Release|Any CPU
		{8D08B797-7DAE-457A-A5C9-4E9D69A50696}.Release|x86.ActiveCfg = Release|Any CPU
		{8D08B797-7DAE-457A-A5C9-4E9D69A50696}.Release|x86.Build.0 = Release|Any CPU
		{544F4FF6-183C-42EC-B4D7-41F467C32FE3}.Debug|Any CPU.ActiveCfg = Debug|Any CPU
		{544F4FF6-183C-42EC-B4D7-41F467C32FE3}.Debug|Any CPU.Build.0 = Debug|Any CPU
		{544F4FF6-183C-42EC-B4D7-41F467C32FE3}.Debug|x64.ActiveCfg = Debug|Any CPU
		{544F4FF6-183C-42EC-B4D7-41F467C32FE3}.Debug|x64.Build.0 = Debug|Any CPU
		{544F4FF6-183C-42EC-B4D7-41F467C32FE3}.Debug|x86.ActiveCfg = Debug|Any CPU
		{544F4FF6-183C-42EC-B4D7-41F467C32FE3}.Debug|x86.Build.0 = Debug|Any CPU
		{544F4FF6-183C-42EC-B4D7-41F467C32FE3}.Release|Any CPU.ActiveCfg = Release|Any CPU
		{544F4FF6-183C-42EC-B4D7-41F467C32FE3}.Release|Any CPU.Build.0 = Release|Any CPU
		{544F4FF6-183C-42EC-B4D7-41F467C32FE3}.Release|x64.ActiveCfg = Release|Any CPU
		{544F4FF6-183C-42EC-B4D7-41F467C32FE3}.Release|x64.Build.0 = Release|Any CPU
		{544F4FF6-183C-42EC-B4D7-41F467C32FE3}.Release|x86.ActiveCfg = Release|Any CPU
		{544F4FF6-183C-42EC-B4D7-41F467C32FE3}.Release|x86.Build.0 = Release|Any CPU
		{31B43390-42AB-496D-AD50-AEAA801470C9}.Debug|Any CPU.ActiveCfg = Debug|Any CPU
		{31B43390-42AB-496D-AD50-AEAA801470C9}.Debug|Any CPU.Build.0 = Debug|Any CPU
		{31B43390-42AB-496D-AD50-AEAA801470C9}.Debug|x64.ActiveCfg = Debug|Any CPU
		{31B43390-42AB-496D-AD50-AEAA801470C9}.Debug|x64.Build.0 = Debug|Any CPU
		{31B43390-42AB-496D-AD50-AEAA801470C9}.Debug|x86.ActiveCfg = Debug|Any CPU
		{31B43390-42AB-496D-AD50-AEAA801470C9}.Debug|x86.Build.0 = Debug|Any CPU
		{31B43390-42AB-496D-AD50-AEAA801470C9}.Release|Any CPU.ActiveCfg = Release|Any CPU
		{31B43390-42AB-496D-AD50-AEAA801470C9}.Release|Any CPU.Build.0 = Release|Any CPU
		{31B43390-42AB-496D-AD50-AEAA801470C9}.Release|x64.ActiveCfg = Release|Any CPU
		{31B43390-42AB-496D-AD50-AEAA801470C9}.Release|x64.Build.0 = Release|Any CPU
		{31B43390-42AB-496D-AD50-AEAA801470C9}.Release|x86.ActiveCfg = Release|Any CPU
		{31B43390-42AB-496D-AD50-AEAA801470C9}.Release|x86.Build.0 = Release|Any CPU
		{0537DADF-0B22-47E2-A439-F1C426D6225A}.Debug|Any CPU.ActiveCfg = Debug|Any CPU
		{0537DADF-0B22-47E2-A439-F1C426D6225A}.Debug|Any CPU.Build.0 = Debug|Any CPU
		{0537DADF-0B22-47E2-A439-F1C426D6225A}.Debug|x64.ActiveCfg = Debug|Any CPU
		{0537DADF-0B22-47E2-A439-F1C426D6225A}.Debug|x64.Build.0 = Debug|Any CPU
		{0537DADF-0B22-47E2-A439-F1C426D6225A}.Debug|x86.ActiveCfg = Debug|Any CPU
		{0537DADF-0B22-47E2-A439-F1C426D6225A}.Debug|x86.Build.0 = Debug|Any CPU
		{0537DADF-0B22-47E2-A439-F1C426D6225A}.Release|Any CPU.ActiveCfg = Release|Any CPU
		{0537DADF-0B22-47E2-A439-F1C426D6225A}.Release|Any CPU.Build.0 = Release|Any CPU
		{0537DADF-0B22-47E2-A439-F1C426D6225A}.Release|x64.ActiveCfg = Release|Any CPU
		{0537DADF-0B22-47E2-A439-F1C426D6225A}.Release|x64.Build.0 = Release|Any CPU
		{0537DADF-0B22-47E2-A439-F1C426D6225A}.Release|x86.ActiveCfg = Release|Any CPU
		{0537DADF-0B22-47E2-A439-F1C426D6225A}.Release|x86.Build.0 = Release|Any CPU
		{6B5E4DF9-0522-48AB-B59C-25103B943271}.Debug|Any CPU.ActiveCfg = Debug|Any CPU
		{6B5E4DF9-0522-48AB-B59C-25103B943271}.Debug|Any CPU.Build.0 = Debug|Any CPU
		{6B5E4DF9-0522-48AB-B59C-25103B943271}.Debug|x64.ActiveCfg = Debug|Any CPU
		{6B5E4DF9-0522-48AB-B59C-25103B943271}.Debug|x64.Build.0 = Debug|Any CPU
		{6B5E4DF9-0522-48AB-B59C-25103B943271}.Debug|x86.ActiveCfg = Debug|Any CPU
		{6B5E4DF9-0522-48AB-B59C-25103B943271}.Debug|x86.Build.0 = Debug|Any CPU
		{6B5E4DF9-0522-48AB-B59C-25103B943271}.Release|Any CPU.ActiveCfg = Release|Any CPU
		{6B5E4DF9-0522-48AB-B59C-25103B943271}.Release|Any CPU.Build.0 = Release|Any CPU
		{6B5E4DF9-0522-48AB-B59C-25103B943271}.Release|x64.ActiveCfg = Release|Any CPU
		{6B5E4DF9-0522-48AB-B59C-25103B943271}.Release|x64.Build.0 = Release|Any CPU
		{6B5E4DF9-0522-48AB-B59C-25103B943271}.Release|x86.ActiveCfg = Release|Any CPU
		{6B5E4DF9-0522-48AB-B59C-25103B943271}.Release|x86.Build.0 = Release|Any CPU
		{3F44DD9C-2CB8-42C4-82FB-83B087AC9FDA}.Debug|Any CPU.ActiveCfg = Debug|Any CPU
		{3F44DD9C-2CB8-42C4-82FB-83B087AC9FDA}.Debug|Any CPU.Build.0 = Debug|Any CPU
		{3F44DD9C-2CB8-42C4-82FB-83B087AC9FDA}.Debug|x64.ActiveCfg = Debug|Any CPU
		{3F44DD9C-2CB8-42C4-82FB-83B087AC9FDA}.Debug|x64.Build.0 = Debug|Any CPU
		{3F44DD9C-2CB8-42C4-82FB-83B087AC9FDA}.Debug|x86.ActiveCfg = Debug|Any CPU
		{3F44DD9C-2CB8-42C4-82FB-83B087AC9FDA}.Debug|x86.Build.0 = Debug|Any CPU
		{3F44DD9C-2CB8-42C4-82FB-83B087AC9FDA}.Release|Any CPU.ActiveCfg = Release|Any CPU
		{3F44DD9C-2CB8-42C4-82FB-83B087AC9FDA}.Release|Any CPU.Build.0 = Release|Any CPU
		{3F44DD9C-2CB8-42C4-82FB-83B087AC9FDA}.Release|x64.ActiveCfg = Release|Any CPU
		{3F44DD9C-2CB8-42C4-82FB-83B087AC9FDA}.Release|x64.Build.0 = Release|Any CPU
		{3F44DD9C-2CB8-42C4-82FB-83B087AC9FDA}.Release|x86.ActiveCfg = Release|Any CPU
		{3F44DD9C-2CB8-42C4-82FB-83B087AC9FDA}.Release|x86.Build.0 = Release|Any CPU
		{DB72ABD0-C01E-49C1-9DEC-8660B9BBD103}.Debug|Any CPU.ActiveCfg = Debug|Any CPU
		{DB72ABD0-C01E-49C1-9DEC-8660B9BBD103}.Debug|Any CPU.Build.0 = Debug|Any CPU
		{DB72ABD0-C01E-49C1-9DEC-8660B9BBD103}.Debug|x64.ActiveCfg = Debug|Any CPU
		{DB72ABD0-C01E-49C1-9DEC-8660B9BBD103}.Debug|x64.Build.0 = Debug|Any CPU
		{DB72ABD0-C01E-49C1-9DEC-8660B9BBD103}.Debug|x86.ActiveCfg = Debug|Any CPU
		{DB72ABD0-C01E-49C1-9DEC-8660B9BBD103}.Debug|x86.Build.0 = Debug|Any CPU
		{DB72ABD0-C01E-49C1-9DEC-8660B9BBD103}.Release|Any CPU.ActiveCfg = Release|Any CPU
		{DB72ABD0-C01E-49C1-9DEC-8660B9BBD103}.Release|Any CPU.Build.0 = Release|Any CPU
		{DB72ABD0-C01E-49C1-9DEC-8660B9BBD103}.Release|x64.ActiveCfg = Release|Any CPU
		{DB72ABD0-C01E-49C1-9DEC-8660B9BBD103}.Release|x64.Build.0 = Release|Any CPU
		{DB72ABD0-C01E-49C1-9DEC-8660B9BBD103}.Release|x86.ActiveCfg = Release|Any CPU
		{DB72ABD0-C01E-49C1-9DEC-8660B9BBD103}.Release|x86.Build.0 = Release|Any CPU
		{C6BED27A-74AB-4684-8478-58CA42E2CE37}.Debug|Any CPU.ActiveCfg = Debug|Any CPU
		{C6BED27A-74AB-4684-8478-58CA42E2CE37}.Debug|Any CPU.Build.0 = Debug|Any CPU
		{C6BED27A-74AB-4684-8478-58CA42E2CE37}.Debug|x64.ActiveCfg = Debug|Any CPU
		{C6BED27A-74AB-4684-8478-58CA42E2CE37}.Debug|x64.Build.0 = Debug|Any CPU
		{C6BED27A-74AB-4684-8478-58CA42E2CE37}.Debug|x86.ActiveCfg = Debug|Any CPU
		{C6BED27A-74AB-4684-8478-58CA42E2CE37}.Debug|x86.Build.0 = Debug|Any CPU
		{C6BED27A-74AB-4684-8478-58CA42E2CE37}.Release|Any CPU.ActiveCfg = Release|Any CPU
		{C6BED27A-74AB-4684-8478-58CA42E2CE37}.Release|Any CPU.Build.0 = Release|Any CPU
		{C6BED27A-74AB-4684-8478-58CA42E2CE37}.Release|x64.ActiveCfg = Release|Any CPU
		{C6BED27A-74AB-4684-8478-58CA42E2CE37}.Release|x64.Build.0 = Release|Any CPU
		{C6BED27A-74AB-4684-8478-58CA42E2CE37}.Release|x86.ActiveCfg = Release|Any CPU
		{C6BED27A-74AB-4684-8478-58CA42E2CE37}.Release|x86.Build.0 = Release|Any CPU
	EndGlobalSection
	GlobalSection(SolutionProperties) = preSolution
		HideSolutionNode = FALSE
	EndGlobalSection
	GlobalSection(NestedProjects) = preSolution
		{85B6D545-0AD4-4DF7-A736-0D94CD860ADE} = {827E0CD3-B72D-47B6-A68D-7590B98EB39B}
		{98EE4E5B-BDD8-47F2-A869-9AC095CE62DA} = {827E0CD3-B72D-47B6-A68D-7590B98EB39B}
		{A4C4B299-9239-4D25-AC01-D2AD8F55305E} = {827E0CD3-B72D-47B6-A68D-7590B98EB39B}
		{51E51D66-CA86-4129-95B7-8C7ABBEC5B2D} = {827E0CD3-B72D-47B6-A68D-7590B98EB39B}
		{6D3E2A90-7C41-4F88-9B5E-1A2B3C4D5E6F} = {827E0CD3-B72D-47B6-A68D-7590B98EB39B}
		{7E8F9A1B-2C3D-4E5F-6A7B-8C9D0E1F2A3B} = {0AB3BF05-4346-4AA6-1389-037BE0695223}
		{8D08B797-7DAE-457A-A5C9-4E9D69A50696} = {827E0CD3-B72D-47B6-A68D-7590B98EB39B}
		{544F4FF6-183C-42EC-B4D7-41F467C32FE3} = {0AB3BF05-4346-4AA6-1389-037BE0695223}
		{31B43390-42AB-496D-AD50-AEAA801470C9} = {0AB3BF05-4346-4AA6-1389-037BE0695223}
		{0537DADF-0B22-47E2-A439-F1C426D6225A} = {0AB3BF05-4346-4AA6-1389-037BE0695223}
		{6B5E4DF9-0522-48AB-B59C-25103B943271} = {0AB3BF05-4346-4AA6-1389-037BE0695223}
		{3F44DD9C-2CB8-42C4-82FB-83B087AC9FDA} = {0AB3BF05-4346-4AA6-1389-037BE0695223}
		{DB72ABD0-C01E-49C1-9DEC-8660B9BBD103} = {0AB3BF05-4346-4AA6-1389-037BE0695223}
		{C6BED27A-74AB-4684-8478-58CA42E2CE37} = {0AB3BF05-4346-4AA6-1389-037BE0695223}
	EndGlobalSection
EndGlobal
